
Microsoft Visual Studio Solution File, Format Version 12.00
# Visual Studio 15
VisualStudioVersion = 15.0.28307.136
MinimumVisualStudioVersion = 10.0.40219.1
Project("{FAE04EC0-301F-11D3-BF4B-00C04F79EFBC}") = "06-TrafficLights", "06-TrafficLights\06-TrafficLights.csproj", "{59E3C50A-3B70-49DE-BD30-62902E93C2F1}"
EndProject
Project("{FAE04EC0-301F-11D3-BF4B-00C04F79EFBC}") = "07-InfernoInfinity", "07-InfernoInfinity\07-InfernoInfinity.csproj", "{12B8BCDF-22EB-432E-A791-FBA8BB0D6F06}"
EndProject
Global
	GlobalSection(SolutionConfigurationPlatforms) = preSolution
		Debug|Any CPU = Debug|Any CPU
		Release|Any CPU = Release|Any CPU
	EndGlobalSection
	GlobalSection(ProjectConfigurationPlatforms) = postSolution
		{59E3C50A-3B70-49DE-BD30-62902E93C2F1}.Debug|Any CPU.ActiveCfg = Debug|Any CPU
		{59E3C50A-3B70-49DE-BD30-62902E93C2F1}.Debug|Any CPU.Build.0 = Debug|Any CPU
		{59E3C50A-3B70-49DE-BD30-62902E93C2F1}.Release|Any CPU.ActiveCfg = Release|Any CPU
		{59E3C50A-3B70-49DE-BD30-62902E93C2F1}.Release|Any CPU.Build.0 = Release|Any CPU
		{12B8BCDF-22EB-432E-A791-FBA8BB0D6F06}.Debug|Any CPU.ActiveCfg = Debug|Any CPU
		{12B8BCDF-22EB-432E-A791-FBA8BB0D6F06}.Debug|Any CPU.Build.0 = Debug|Any CPU
		{12B8BCDF-22EB-432E-A791-FBA8BB0D6F06}.Release|Any CPU.ActiveCfg = Release|Any CPU
		{12B8BCDF-22EB-432E-A791-FBA8BB0D6F06}.Release|Any CPU.Build.0 = Release|Any CPU
	EndGlobalSection
	GlobalSection(SolutionProperties) = preSolution
		HideSolutionNode = FALSE
	EndGlobalSection
	GlobalSection(ExtensibilityGlobals) = postSolution
		SolutionGuid = {C772AF51-9DF6-45B5-8AF4-ECFABA04FAE7}
	EndGlobalSection
EndGlobal
